// !$*UTF8*$!
{
	archiveVersion = 1;
	classes = {
	};
	objectVersion = 50;
	objects = {

/* Begin PBXBuildFile section */
		D3329B8226139AC000F553A6 /* Ch13App.swift in Sources */ = {isa = PBXBuildFile; fileRef = D3329B8126139AC000F553A6 /* Ch13App.swift */; };
		D3329B8426139AC000F553A6 /* ContentView.swift in Sources */ = {isa = PBXBuildFile; fileRef = D3329B8326139AC000F553A6 /* ContentView.swift */; };
		D3329B8626139AC200F553A6 /* Assets.xcassets in Resources */ = {isa = PBXBuildFile; fileRef = D3329B8526139AC200F553A6 /* Assets.xcassets */; };
		D3329B8926139AC200F553A6 /* Preview Assets.xcassets in Resources */ = {isa = PBXBuildFile; fileRef = D3329B8826139AC200F553A6 /* Preview Assets.xcassets */; };
		D3329B9426139AC300F553A6 /* Ch13Tests.swift in Sources */ = {isa = PBXBuildFile; fileRef = D3329B9326139AC300F553A6 /* Ch13Tests.swift */; };
		D3329B9F26139AC300F553A6 /* Ch13UITests.swift in Sources */ = {isa = PBXBuildFile; fileRef = D3329B9E26139AC300F553A6 /* Ch13UITests.swift */; };
/* End PBXBuildFile section */

/* Begin PBXContainerItemProxy section */
		D3329B9026139AC300F553A6 /* PBXContainerItemProxy */ = {
			isa = PBXContainerItemProxy;
			containerPortal = D3329B7626139AC000F553A6 /* Project object */;
			proxyType = 1;
			remoteGlobalIDString = D3329B7D26139AC000F553A6;
			remoteInfo = Ch13;
		};
		D3329B9B26139AC300F553A6 /* PBXContainerItemProxy */ = {
			isa = PBXContainerItemProxy;
			containerPortal = D3329B7626139AC000F553A6 /* Project object */;
			proxyType = 1;
			remoteGlobalIDString = D3329B7D26139AC000F553A6;
			remoteInfo = Ch13;
		};
/* End PBXContainerItemProxy section */

/* Begin PBXFileReference section */
		D3329B7E26139AC000F553A6 /* Ch13.app */ = {isa = PBXFileReference; explicitFileType = wrapper.application; includeInIndex = 0; path = Ch13.app; sourceTree = BUILT_PRODUCTS_DIR; };
		D3329B8126139AC000F553A6 /* Ch13App.swift */ = {isa = PBXFileReference; lastKnownFileType = sourcecode.swift; path = Ch13App.swift; sourceTree = "<group>"; };
		D3329B8326139AC000F553A6 /* ContentView.swift */ = {isa = PBXFileReference; lastKnownFileType = sourcecode.swift; path = ContentView.swift; sourceTree = "<group>"; };
		D3329B8526139AC200F553A6 /* Assets.xcassets */ = {isa = PBXFileReference; lastKnownFileType = folder.assetcatalog; path = Assets.xcassets; sourceTree = "<group>"; };
		D3329B8826139AC200F553A6 /* Preview Assets.xcassets */ = {isa = PBXFileReference; lastKnownFileType = folder.assetcatalog; path = "Preview Assets.xcassets"; sourceTree = "<group>"; };
		D3329B8A26139AC200F553A6 /* Info.plist */ = {isa = PBXFileReference; lastKnownFileType = text.plist.xml; path = Info.plist; sourceTree = "<group>"; };
		D3329B8F26139AC300F553A6 /* Ch13Tests.xctest */ = {isa = PBXFileReference; explicitFileType = wrapper.cfbundle; includeInIndex = 0; path = Ch13Tests.xctest; sourceTree = BUILT_PRODUCTS_DIR; };
		D3329B9326139AC300F553A6 /* Ch13Tests.swift */ = {isa = PBXFileReference; lastKnownFileType = sourcecode.swift; path = Ch13Tests.swift; sourceTree = "<group>"; };
		D3329B9526139AC300F553A6 /* Info.plist */ = {isa = PBXFileReference; lastKnownFileType = text.plist.xml; path = Info.plist; sourceTree = "<group>"; };
		D3329B9A26139AC300F553A6 /* Ch13UITests.xctest */ = {isa = PBXFileReference; explicitFileType = wrapper.cfbundle; includeInIndex = 0; path = Ch13UITests.xctest; sourceTree = BUILT_PRODUCTS_DIR; };
		D3329B9E26139AC300F553A6 /* Ch13UITests.swift */ = {isa = PBXFileReference; lastKnownFileType = sourcecode.swift; path = Ch13UITests.swift; sourceTree = "<group>"; };
		D3329BA026139AC300F553A6 /* Info.plist */ = {isa = PBXFileReference; lastKnownFileType = text.plist.xml; path = Info.plist; sourceTree = "<group>"; };
/* End PBXFileReference section */

/* Begin PBXFrameworksBuildPhase section */
		D3329B7B26139AC000F553A6 /* Frameworks */ = {
			isa = PBXFrameworksBuildPhase;
			buildActionMask = 2147483647;
			files = (
			);
			runOnlyForDeploymentPostprocessing = 0;
		};
		D3329B8C26139AC300F553A6 /* Frameworks */ = {
			isa = PBXFrameworksBuildPhase;
			buildActionMask = 2147483647;
			files = (
			);
			runOnlyForDeploymentPostprocessing = 0;
		};
		D3329B9726139AC300F553A6 /* Frameworks */ = {
			isa = PBXFrameworksBuildPhase;
			buildActionMask = 2147483647;
			files = (
			);
			runOnlyForDeploymentPostprocessing = 0;
		};
/* End PBXFrameworksBuildPhase section */

/* Begin PBXGroup section */
		D3329B7526139AC000F553A6 = {
			isa = PBXGroup;
			children = (
				D3329B8026139AC000F553A6 /* Ch13 */,
				D3329B9226139AC300F553A6 /* Ch13Tests */,
				D3329B9D26139AC300F553A6 /* Ch13UITests */,
				D3329B7F26139AC000F553A6 /* Products */,
			);
			sourceTree = "<group>";
		};
		D3329B7F26139AC000F553A6 /* Products */ = {
			isa = PBXGroup;
			children = (
				D3329B7E26139AC000F553A6 /* Ch13.app */,
				D3329B8F26139AC300F553A6 /* Ch13Tests.xctest */,
				D3329B9A26139AC300F553A6 /* Ch13UITests.xctest */,
			);
			name = Products;
			sourceTree = "<group>";
		};
		D3329B8026139AC000F553A6 /* Ch13 */ = {
			isa = PBXGroup;
			children = (
				D3329B8126139AC000F553A6 /* Ch13App.swift */,
				D3329B8326139AC000F553A6 /* ContentView.swift */,
				D3329B8526139AC200F553A6 /* Assets.xcassets */,
				D3329B8A26139AC200F553A6 /* Info.plist */,
				D3329B8726139AC200F553A6 /* Preview Content */,
			);
			path = Ch13;
			sourceTree = "<group>";
		};
		D3329B8726139AC200F553A6 /* Preview Content */ = {
			isa = PBXGroup;
			children = (
				D3329B8826139AC200F553A6 /* Preview Assets.xcassets */,
			);
			path = "Preview Content";
			sourceTree = "<group>";
		};
		D3329B9226139AC300F553A6 /* Ch13Tests */ = {
			isa = PBXGroup;
			children = (
				D3329B9326139AC300F553A6 /* Ch13Tests.swift */,
				D3329B9526139AC300F553A6 /* Info.plist */,
			);
			path = Ch13Tests;
			sourceTree = "<group>";
		};
		D3329B9D26139AC300F553A6 /* Ch13UITests */ = {
			isa = PBXGroup;
			children = (
				D3329B9E26139AC300F553A6 /* Ch13UITests.swift */,
				D3329BA026139AC300F553A6 /* Info.plist */,
			);
			path = Ch13UITests;
			sourceTree = "<group>";
		};
/* End PBXGroup section */

/* Begin PBXNativeTarget section */
		D3329B7D26139AC000F553A6 /* Ch13 */ = {
			isa = PBXNativeTarget;
			buildConfigurationList = D3329BA326139AC300F553A6 /* Build configuration list for PBXNativeTarget "Ch13" */;
			buildPhases = (
				D3329B7A26139AC000F553A6 /* Sources */,
				D3329B7B26139AC000F553A6 /* Frameworks */,
				D3329B7C26139AC000F553A6 /* Resources */,
			);
			buildRules = (
			);
			dependencies = (
			);
			name = Ch13;
			productName = Ch13;
			productReference = D3329B7E26139AC000F553A6 /* Ch13.app */;
			productType = "com.apple.product-type.application";
		};
		D3329B8E26139AC300F553A6 /* Ch13Tests */ = {
			isa = PBXNativeTarget;
			buildConfigurationList = D3329BA626139AC300F553A6 /* Build configuration list for PBXNativeTarget "Ch13Tests" */;
			buildPhases = (
				D3329B8B26139AC300F553A6 /* Sources */,
				D3329B8C26139AC300F553A6 /* Frameworks */,
				D3329B8D26139AC300F553A6 /* Resources */,
			);
			buildRules = (
			);
			dependencies = (
				D3329B9126139AC300F553A6 /* PBXTargetDependency */,
			);
			name = Ch13Tests;
			productName = Ch13Tests;
			productReference = D3329B8F26139AC300F553A6 /* Ch13Tests.xctest */;
			productType = "com.apple.product-type.bundle.unit-test";
		};
		D3329B9926139AC300F553A6 /* Ch13UITests */ = {
			isa = PBXNativeTarget;
			buildConfigurationList = D3329BA926139AC300F553A6 /* Build configuration list for PBXNativeTarget "Ch13UITests" */;
			buildPhases = (
				D3329B9626139AC300F553A6 /* Sources */,
				D3329B9726139AC300F553A6 /* Frameworks */,
				D3329B9826139AC300F553A6 /* Resources */,
			);
			buildRules = (
			);
			dependencies = (
				D3329B9C26139AC300F553A6 /* PBXTargetDependency */,
			);
			name = Ch13UITests;
			productName = Ch13UITests;
			productReference = D3329B9A26139AC300F553A6 /* Ch13UITests.xctest */;
			productType = "com.apple.product-type.bundle.ui-testing";
		};
/* End PBXNativeTarget section */

/* Begin PBXProject section */
		D3329B7626139AC000F553A6 /* Project object */ = {
			isa = PBXProject;
			attributes = {
				LastSwiftUpdateCheck = 1240;
				LastUpgradeCheck = 1240;
				TargetAttributes = {
					D3329B7D26139AC000F553A6 = {
						CreatedOnToolsVersion = 12.4;
					};
					D3329B8E26139AC300F553A6 = {
						CreatedOnToolsVersion = 12.4;
						TestTargetID = D3329B7D26139AC000F553A6;
					};
					D3329B9926139AC300F553A6 = {
						CreatedOnToolsVersion = 12.4;
						TestTargetID = D3329B7D26139AC000F553A6;
					};
				};
			};
			buildConfigurationList = D3329B7926139AC000F553A6 /* Build configuration list for PBXProject "Ch13" */;
			compatibilityVersion = "Xcode 9.3";
			developmentRegion = en;
			hasScannedForEncodings = 0;
			knownRegions = (
				en,
				Base,
			);
			mainGroup = D3329B7526139AC000F553A6;
			productRefGroup = D3329B7F26139AC000F553A6 /* Products */;
			projectDirPath = "";
			projectRoot = "";
			targets = (
				D3329B7D26139AC000F553A6 /* Ch13 */,
				D3329B8E26139AC300F553A6 /* Ch13Tests */,
				D3329B9926139AC300F553A6 /* Ch13UITests */,
			);
		};
/* End PBXProject section */

/* Begin PBXResourcesBuildPhase section */
		D3329B7C26139AC000F553A6 /* Resources */ = {
			isa = PBXResourcesBuildPhase;
			buildActionMask = 2147483647;
			files = (
				D3329B8926139AC200F553A6 /* Preview Assets.xcassets in Resources */,
				D3329B8626139AC200F553A6 /* Assets.xcassets in Resources */,
			);
			runOnlyForDeploymentPostprocessing = 0;
		};
		D3329B8D26139AC300F553A6 /* Resources */ = {
			isa = PBXResourcesBuildPhase;
			buildActionMask = 2147483647;
			files = (
			);
			runOnlyForDeploymentPostprocessing = 0;
		};
		D3329B9826139AC300F553A6 /* Resources */ = {
			isa = PBXResourcesBuildPhase;
			buildActionMask = 2147483647;
			files = (
			);
			runOnlyForDeploymentPostprocessing = 0;
		};
/* End PBXResourcesBuildPhase section */

/* Begin PBXSourcesBuildPhase section */
		D3329B7A26139AC000F553A6 /* Sources */ = {
			isa = PBXSourcesBuildPhase;
			buildActionMask = 2147483647;
			files = (
				D3329B8426139AC000F553A6 /* ContentView.swift in Sources */,
				D3329B8226139AC000F553A6 /* Ch13App.swift in Sources */,
			);
			runOnlyForDeploymentPostprocessing = 0;
		};
		D3329B8B26139AC300F553A6 /* Sources */ = {
			isa = PBXSourcesBuildPhase;
			buildActionMask = 2147483647;
			files = (
				D3329B9426139AC300F553A6 /* Ch13Tests.swift in Sources */,
			);
			runOnlyForDeploymentPostprocessing = 0;
		};
		D3329B9626139AC300F553A6 /* Sources */ = {
			isa = PBXSourcesBuildPhase;
			buildActionMask = 2147483647;
			files = (
				D3329B9F26139AC300F553A6 /* Ch13UITests.swift in Sources */,
			);
			runOnlyForDeploymentPostprocessing = 0;
		};
/* End PBXSourcesBuildPhase section */

/* Begin PBXTargetDependency section */
		D3329B9126139AC300F553A6 /* PBXTargetDependency */ = {
			isa = PBXTargetDependency;
			target = D3329B7D26139AC000F553A6 /* Ch13 */;
			targetProxy = D3329B9026139AC300F553A6 /* PBXContainerItemProxy */;
		};
		D3329B9C26139AC300F553A6 /* PBXTargetDependency */ = {
			isa = PBXTargetDependency;
			target = D3329B7D26139AC000F553A6 /* Ch13 */;
			targetProxy = D3329B9B26139AC300F553A6 /* PBXContainerItemProxy */;
		};
/* End PBXTargetDependency section */

/* Begin XCBuildConfiguration section */
		D3329BA126139AC300F553A6 /* Debug */ = {
			isa = XCBuildConfiguration;
			buildSettings = {
				ALWAYS_SEARCH_USER_PATHS = NO;
				CLANG_ANALYZER_NONNULL = YES;
				CLANG_ANALYZER_NUMBER_OBJECT_CONVERSION = YES_AGGRESSIVE;
				CLANG_CXX_LANGUAGE_STANDARD = "gnu++14";
				CLANG_CXX_LIBRARY = "libc++";
				CLANG_ENABLE_MODULES = YES;
				CLANG_ENABLE_OBJC_ARC = YES;
				CLANG_ENABLE_OBJC_WEAK = YES;
				CLANG_WARN_BLOCK_CAPTURE_AUTORELEASING = YES;
				CLANG_WARN_BOOL_CONVERSION = YES;
				CLANG_WARN_COMMA = YES;
				CLANG_WARN_CONSTANT_CONVERSION = YES;
				CLANG_WARN_DEPRECATED_OBJC_IMPLEMENTATIONS = YES;
				CLANG_WARN_DIRECT_OBJC_ISA_USAGE = YES_ERROR;
				CLANG_WARN_DOCUMENTATION_COMMENTS = YES;
				CLANG_WARN_EMPTY_BODY = YES;
				CLANG_WARN_ENUM_CONVERSION = YES;
				CLANG_WARN_INFINITE_RECURSION = YES;
				CLANG_WARN_INT_CONVERSION = YES;
				CLANG_WARN_NON_LITERAL_NULL_CONVERSION = YES;
				CLANG_WARN_OBJC_IMPLICIT_RETAIN_SELF = YES;
				CLANG_WARN_OBJC_LITERAL_CONVERSION = YES;
				CLANG_WARN_OBJC_ROOT_CLASS = YES_ERROR;
				CLANG_WARN_QUOTED_INCLUDE_IN_FRAMEWORK_HEADER = YES;
				CLANG_WARN_RANGE_LOOP_ANALYSIS = YES;
				CLANG_WARN_STRICT_PROTOTYPES = YES;
				CLANG_WARN_SUSPICIOUS_MOVE = YES;
				CLANG_WARN_UNGUARDED_AVAILABILITY = YES_AGGRESSIVE;
				CLANG_WARN_UNREACHABLE_CODE = YES;
				CLANG_WARN__DUPLICATE_METHOD_MATCH = YES;
				COPY_PHASE_STRIP = NO;
				DEBUG_INFORMATION_FORMAT = dwarf;
				ENABLE_STRICT_OBJC_MSGSEND = YES;
				ENABLE_TESTABILITY = YES;
				GCC_C_LANGUAGE_STANDARD = gnu11;
				GCC_DYNAMIC_NO_PIC = NO;
				GCC_NO_COMMON_BLOCKS = YES;
				GCC_OPTIMIZATION_LEVEL = 0;
				GCC_PREPROCESSOR_DEFINITIONS = (
					"DEBUG=1",
					"$(inherited)",
				);
				GCC_WARN_64_TO_32_BIT_CONVERSION = YES;
				GCC_WARN_ABOUT_RETURN_TYPE = YES_ERROR;
				GCC_WARN_UNDECLARED_SELECTOR = YES;
				GCC_WARN_UNINITIALIZED_AUTOS = YES_AGGRESSIVE;
				GCC_WARN_UNUSED_FUNCTION = YES;
				GCC_WARN_UNUSED_VARIABLE = YES;
				IPHONEOS_DEPLOYMENT_TARGET = 14.4;
				MTL_ENABLE_DEBUG_INFO = INCLUDE_SOURCE;
				MTL_FAST_MATH = YES;
				ONLY_ACTIVE_ARCH = YES;
				SDKROOT = iphoneos;
				SWIFT_ACTIVE_COMPILATION_CONDITIONS = DEBUG;
				SWIFT_OPTIMIZATION_LEVEL = "-Onone";
			};
			name = Debug;
		};
		D3329BA226139AC300F553A6 /* Release */ = {
			isa = XCBuildConfiguration;
			buildSettings = {
				ALWAYS_SEARCH_USER_PATHS = NO;
				CLANG_ANALYZER_NONNULL = YES;
				CLANG_ANALYZER_NUMBER_OBJECT_CONVERSION = YES_AGGRESSIVE;
				CLANG_CXX_LANGUAGE_STANDARD = "gnu++14";
				CLANG_CXX_LIBRARY = "libc++";
				CLANG_ENABLE_MODULES = YES;
				CLANG_ENABLE_OBJC_ARC = YES;
				CLANG_ENABLE_OBJC_WEAK = YES;
				CLANG_WARN_BLOCK_CAPTURE_AUTORELEASING = YES;
				CLANG_WARN_BOOL_CONVERSION = YES;
				CLANG_WARN_COMMA = YES;
				CLANG_WARN_CONSTANT_CONVERSION = YES;
				CLANG_WARN_DEPRECATED_OBJC_IMPLEMENTATIONS = YES;
				CLANG_WARN_DIRECT_OBJC_ISA_USAGE = YES_ERROR;
				CLANG_WARN_DOCUMENTATION_COMMENTS = YES;
				CLANG_WARN_EMPTY_BODY = YES;
				CLANG_WARN_ENUM_CONVERSION = YES;
				CLANG_WARN_INFINITE_RECURSION = YES;
				CLANG_WARN_INT_CONVERSION = YES;
				CLANG_WARN_NON_LITERAL_NULL_CONVERSION = YES;
				CLANG_WARN_OBJC_IMPLICIT_RETAIN_SELF = YES;
				CLANG_WARN_OBJC_LITERAL_CONVERSION = YES;
				CLANG_WARN_OBJC_ROOT_CLASS = YES_ERROR;
				CLANG_WARN_QUOTED_INCLUDE_IN_FRAMEWORK_HEADER = YES;
				CLANG_WARN_RANGE_LOOP_ANALYSIS = YES;
				CLANG_WARN_STRICT_PROTOTYPES = YES;
				CLANG_WARN_SUSPICIOUS_MOVE = YES;
				CLANG_WARN_UNGUARDED_AVAILABILITY = YES_AGGRESSIVE;
				CLANG_WARN_UNREACHABLE_CODE = YES;
				CLANG_WARN__DUPLICATE_METHOD_MATCH = YES;
				COPY_PHASE_STRIP = NO;
				DEBUG_INFORMATION_FORMAT = "dwarf-with-dsym";
				ENABLE_NS_ASSERTIONS = NO;
				ENABLE_STRICT_OBJC_MSGSEND = YES;
				GCC_C_LANGUAGE_STANDARD = gnu11;
				GCC_NO_COMMON_BLOCKS = YES;
				GCC_WARN_64_TO_32_BIT_CONVERSION = YES;
				GCC_WARN_ABOUT_RETURN_TYPE = YES_ERROR;
				GCC_WARN_UNDECLARED_SELECTOR = YES;
				GCC_WARN_UNINITIALIZED_AUTOS = YES_AGGRESSIVE;
				GCC_WARN_UNUSED_FUNCTION = YES;
				GCC_WARN_UNUSED_VARIABLE = YES;
				IPHONEOS_DEPLOYMENT_TARGET = 14.4;
				MTL_ENABLE_DEBUG_INFO = NO;
				MTL_FAST_MATH = YES;
				SDKROOT = iphoneos;
				SWIFT_COMPILATION_MODE = wholemodule;
				SWIFT_OPTIMIZATION_LEVEL = "-O";
				VALIDATE_PRODUCT = YES;
			};
			name = Release;
		};
		D3329BA426139AC300F553A6 /* Debug */ = {
			isa = XCBuildConfiguration;
			buildSettings = {
				ASSETCATALOG_COMPILER_APPICON_NAME = AppIcon;
				ASSETCATALOG_COMPILER_GLOBAL_ACCENT_COLOR_NAME = AccentColor;
				CODE_SIGN_STYLE = Automatic;
				DEVELOPMENT_ASSET_PATHS = "\"Ch13/Preview Content\"";
				ENABLE_PREVIEWS = YES;
				INFOPLIST_FILE = Ch13/Info.plist;
				IPHONEOS_DEPLOYMENT_TARGET = 14.0;
				LD_RUNPATH_SEARCH_PATHS = (
					"$(inherited)",
					"@executable_path/Frameworks",
				);
				PRODUCT_BUNDLE_IDENTIFIER = n.Ch13;
				PRODUCT_NAME = "$(TARGET_NAME)";
				SWIFT_VERSION = 5.0;
				TARGETED_DEVICE_FAMILY = "1,2";
			};
			name = Debug;
		};
		D3329BA526139AC300F553A6 /* Release */ = {
			isa = XCBuildConfiguration;
			buildSettings = {
				ASSETCATALOG_COMPILER_APPICON_NAME = AppIcon;
				ASSETCATALOG_COMPILER_GLOBAL_ACCENT_COLOR_NAME = AccentColor;
				CODE_SIGN_STYLE = Automatic;
				DEVELOPMENT_ASSET_PATHS = "\"Ch13/Preview Content\"";
				ENABLE_PREVIEWS = YES;
				INFOPLIST_FILE = Ch13/Info.plist;
				IPHONEOS_DEPLOYMENT_TARGET = 14.0;
				LD_RUNPATH_SEARCH_PATHS = (
					"$(inherited)",
					"@executable_path/Frameworks",
				);
				PRODUCT_BUNDLE_IDENTIFIER = n.Ch13;
				PRODUCT_NAME = "$(TARGET_NAME)";
				SWIFT_VERSION = 5.0;
				TARGETED_DEVICE_FAMILY = "1,2";
			};
			name = Release;
		};
		D3329BA726139AC300F553A6 /* Debug */ = {
			isa = XCBuildConfiguration;
			buildSettings = {
				ALWAYS_EMBED_SWIFT_STANDARD_LIBRARIES = YES;
				BUNDLE_LOADER = "$(TEST_HOST)";
				CODE_SIGN_STYLE = Automatic;
				INFOPLIST_FILE = Ch13Tests/Info.plist;
				IPHONEOS_DEPLOYMENT_TARGET = 14.0;
				LD_RUNPATH_SEARCH_PATHS = (
					"$(inherited)",
					"@executable_path/Frameworks",
					"@loader_path/Frameworks",
				);
				PRODUCT_BUNDLE_IDENTIFIER = n.Ch13Tests;
				PRODUCT_NAME = "$(TARGET_NAME)";
				SWIFT_VERSION = 5.0;
				TARGETED_DEVICE_FAMILY = "1,2";
				TEST_HOST = "$(BUILT_PRODUCTS_DIR)/Ch13.app/Ch13";
			};
			name = Debug;
		};
		D3329BA826139AC300F553A6 /* Release */ = {
			isa = XCBuildConfiguration;
			buildSettings = {
				ALWAYS_EMBED_SWIFT_STANDARD_LIBRARIES = YES;
				BUNDLE_LOADER = "$(TEST_HOST)";
				CODE_SIGN_STYLE = Automatic;
				INFOPLIST_FILE = Ch13Tests/Info.plist;
				IPHONEOS_DEPLOYMENT_TARGET = 14.0;
				LD_RUNPATH_SEARCH_PATHS = (
					"$(inherited)",
					"@executable_path/Frameworks",
					"@loader_path/Frameworks",
				);
				PRODUCT_BUNDLE_IDENTIFIER = n.Ch13Tests;
				PRODUCT_NAME = "$(TARGET_NAME)";
				SWIFT_VERSION = 5.0;
				TARGETED_DEVICE_FAMILY = "1,2";
				TEST_HOST = "$(BUILT_PRODUCTS_DIR)/Ch13.app/Ch13";
			};
			name = Release;
		};
		D3329BAA26139AC300F553A6 /* Debug */ = {
			isa = XCBuildConfiguration;
			buildSettings = {
				ALWAYS_EMBED_SWIFT_STANDARD_LIBRARIES = YES;
				CODE_SIGN_STYLE = Automatic;
				INFOPLIST_FILE = Ch13UITests/Info.plist;
				LD_RUNPATH_SEARCH_PATHS = (
					"$(inherited)",
					"@executable_path/Frameworks",
					"@loader_path/Frameworks",
				);
				PRODUCT_BUNDLE_IDENTIFIER = n.Ch13UITests;
				PRODUCT_NAME = "$(TARGET_NAME)";
				SWIFT_VERSION = 5.0;
				TARGETED_DEVICE_FAMILY = "1,2";
				TEST_TARGET_NAME = Ch13;
			};
			name = Debug;
		};
		D3329BAB26139AC300F553A6 /* Release */ = {
			isa = XCBuildConfiguration;
			buildSettings = {
				ALWAYS_EMBED_SWIFT_STANDARD_LIBRARIES = YES;
				CODE_SIGN_STYLE = Automatic;
				INFOPLIST_FILE = Ch13UITests/Info.plist;
				LD_RUNPATH_SEARCH_PATHS = (
					"$(inherited)",
					"@executable_path/Frameworks",
					"@loader_path/Frameworks",
				);
				PRODUCT_BUNDLE_IDENTIFIER = n.Ch13UITests;
				PRODUCT_NAME = "$(TARGET_NAME)";
				SWIFT_VERSION = 5.0;
				TARGETED_DEVICE_FAMILY = "1,2";
				TEST_TARGET_NAME = Ch13;
			};
			name = Release;
		};
/* End XCBuildConfiguration section */

/* Begin XCConfigurationList section */
		D3329B7926139AC000F553A6 /* Build configuration list for PBXProject "Ch13" */ = {
			isa = XCConfigurationList;
			buildConfigurations = (
				D3329BA126139AC300F553A6 /* Debug */,
				D3329BA226139AC300F553A6 /* Release */,
			);
			defaultConfigurationIsVisible = 0;
			defaultConfigurationName = Release;
		};
		D3329BA326139AC300F553A6 /* Build configuration list for PBXNativeTarget "Ch13" */ = {
			isa = XCConfigurationList;
			buildConfigurations = (
				D3329BA426139AC300F553A6 /* Debug */,
				D3329BA526139AC300F553A6 /* Release */,
			);
			defaultConfigurationIsVisible = 0;
			defaultConfigurationName = Release;
		};
		D3329BA626139AC300F553A6 /* Build configuration list for PBXNativeTarget "Ch13Tests" */ = {
			isa = XCConfigurationList;
			buildConfigurations = (
				D3329BA726139AC300F553A6 /* Debug */,
				D3329BA826139AC300F553A6 /* Release */,
			);
			defaultConfigurationIsVisible = 0;
			defaultConfigurationName = Release;
		};
		D3329BA926139AC300F553A6 /* Build configuration list for PBXNativeTarget "Ch13UITests" */ = {
			isa = XCConfigurationList;
			buildConfigurations = (
				D3329BAA26139AC300F553A6 /* Debug */,
				D3329BAB26139AC300F553A6 /* Release */,
			);
			defaultConfigurationIsVisible = 0;
			defaultConfigurationName = Release;
		};
/* End XCConfigurationList section */
	};
	rootObject = D3329B7626139AC000F553A6 /* Project object */;
}
